// !$*UTF8*$!
{
	archiveVersion = 1;
	classes = {
	};
	objectVersion = 50;
	objects = {

/* Begin PBXBuildFile section */
		EB352BF321AED00C005DE079 /* main.cpp in Sources */ = {isa = PBXBuildFile; fileRef = EB352BF221AED00C005DE079 /* main.cpp */; };
		EB352BFB21AED0A1005DE079 /* Config.cpp in Sources */ = {isa = PBXBuildFile; fileRef = EB352BF921AED0A1005DE079 /* Config.cpp */; };
		EB352BFE21B01156005DE079 /* IPPMException.cpp in Sources */ = {isa = PBXBuildFile; fileRef = EB352BFC21B01156005DE079 /* IPPMException.cpp */; };
		EB352C0121B02E06005DE079 /* Sender.cpp in Sources */ = {isa = PBXBuildFile; fileRef = EB352BFF21B02E06005DE079 /* Sender.cpp */; };
		EB352C0421B178F5005DE079 /* libpcap.tbd in Frameworks */ = {isa = PBXBuildFile; fileRef = EB352C0321B178F5005DE079 /* libpcap.tbd */; };
/* End PBXBuildFile section */

/* Begin PBXCopyFilesBuildPhase section */
		EB352BED21AED00C005DE079 /* CopyFiles */ = {
			isa = PBXCopyFilesBuildPhase;
			buildActionMask = 2147483647;
			dstPath = /usr/share/man/man1/;
			dstSubfolderSpec = 0;
			files = (
			);
			runOnlyForDeploymentPostprocessing = 1;
		};
/* End PBXCopyFilesBuildPhase section */

/* Begin PBXFileReference section */
		EB352BEF21AED00C005DE079 /* IPPacketMirror */ = {isa = PBXFileReference; explicitFileType = "compiled.mach-o.executable"; includeInIndex = 0; path = IPPacketMirror; sourceTree = BUILT_PRODUCTS_DIR; };
		EB352BF221AED00C005DE079 /* main.cpp */ = {isa = PBXFileReference; lastKnownFileType = sourcecode.cpp.cpp; path = main.cpp; sourceTree = "<group>"; };
		EB352BF921AED0A1005DE079 /* Config.cpp */ = {isa = PBXFileReference; lastKnownFileType = sourcecode.cpp.cpp; path = Config.cpp; sourceTree = "<group>"; };
		EB352BFA21AED0A1005DE079 /* Config.hpp */ = {isa = PBXFileReference; lastKnownFileType = sourcecode.cpp.h; path = Config.hpp; sourceTree = "<group>"; };
		EB352BFC21B01156005DE079 /* IPPMException.cpp */ = {isa = PBXFileReference; lastKnownFileType = sourcecode.cpp.cpp; path = IPPMException.cpp; sourceTree = "<group>"; };
		EB352BFD21B01156005DE079 /* IPPMException.hpp */ = {isa = PBXFileReference; lastKnownFileType = sourcecode.cpp.h; path = IPPMException.hpp; sourceTree = "<group>"; };
		EB352BFF21B02E06005DE079 /* Sender.cpp */ = {isa = PBXFileReference; lastKnownFileType = sourcecode.cpp.cpp; path = Sender.cpp; sourceTree = "<group>"; };
		EB352C0021B02E06005DE079 /* Sender.hpp */ = {isa = PBXFileReference; lastKnownFileType = sourcecode.cpp.h; path = Sender.hpp; sourceTree = "<group>"; };
		EB352C0321B178F5005DE079 /* libpcap.tbd */ = {isa = PBXFileReference; lastKnownFileType = "sourcecode.text-based-dylib-definition"; name = libpcap.tbd; path = usr/lib/libpcap.tbd; sourceTree = SDKROOT; };
/* End PBXFileReference section */

/* Begin PBXFrameworksBuildPhase section */
		EB352BEC21AED00C005DE079 /* Frameworks */ = {
			isa = PBXFrameworksBuildPhase;
			buildActionMask = 2147483647;
			files = (
				EB352C0421B178F5005DE079 /* libpcap.tbd in Frameworks */,
			);
			runOnlyForDeploymentPostprocessing = 0;
		};
/* End PBXFrameworksBuildPhase section */

/* Begin PBXGroup section */
		EB352BE621AED00C005DE079 = {
			isa = PBXGroup;
			children = (
				EB352BF121AED00C005DE079 /* IPPacketMirror */,
				EB352BF021AED00C005DE079 /* Products */,
				EB352C0221B178F5005DE079 /* Frameworks */,
			);
			sourceTree = "<group>";
		};
		EB352BF021AED00C005DE079 /* Products */ = {
			isa = PBXGroup;
			children = (
				EB352BEF21AED00C005DE079 /* IPPacketMirror */,
			);
			name = Products;
			sourceTree = "<group>";
		};
		EB352BF121AED00C005DE079 /* IPPacketMirror */ = {
			isa = PBXGroup;
			children = (
				EB352BF221AED00C005DE079 /* main.cpp */,
				EB352BF921AED0A1005DE079 /* Config.cpp */,
				EB352BFA21AED0A1005DE079 /* Config.hpp */,
				EB352BFC21B01156005DE079 /* IPPMException.cpp */,
				EB352BFD21B01156005DE079 /* IPPMException.hpp */,
				EB352BFF21B02E06005DE079 /* Sender.cpp */,
				EB352C0021B02E06005DE079 /* Sender.hpp */,
			);
			path = IPPacketMirror;
			sourceTree = "<group>";
		};
		EB352C0221B178F5005DE079 /* Frameworks */ = {
			isa = PBXGroup;
			children = (
				EB352C0321B178F5005DE079 /* libpcap.tbd */,
			);
			name = Frameworks;
			sourceTree = "<group>";
		};
/* End PBXGroup section */

/* Begin PBXNativeTarget section */
		EB352BEE21AED00C005DE079 /* IPPacketMirror */ = {
			isa = PBXNativeTarget;
			buildConfigurationList = EB352BF621AED00C005DE079 /* Build configuration list for PBXNativeTarget "IPPacketMirror" */;
			buildPhases = (
				EB352BEB21AED00C005DE079 /* Sources */,
				EB352BEC21AED00C005DE079 /* Frameworks */,
				EB352BED21AED00C005DE079 /* CopyFiles */,
			);
			buildRules = (
			);
			dependencies = (
			);
			name = IPPacketMirror;
			productName = IPPacketMirror;
			productReference = EB352BEF21AED00C005DE079 /* IPPacketMirror */;
			productType = "com.apple.product-type.tool";
		};
/* End PBXNativeTarget section */

/* Begin PBXProject section */
		EB352BE721AED00C005DE079 /* Project object */ = {
			isa = PBXProject;
			attributes = {
				LastUpgradeCheck = 1010;
				ORGANIZATIONNAME = "岸田 好司";
				TargetAttributes = {
					EB352BEE21AED00C005DE079 = {
						CreatedOnToolsVersion = 10.1;
					};
				};
			};
			buildConfigurationList = EB352BEA21AED00C005DE079 /* Build configuration list for PBXProject "IPPacketMirror" */;
			compatibilityVersion = "Xcode 9.3";
			developmentRegion = en;
			hasScannedForEncodings = 0;
			knownRegions = (
				en,
			);
			mainGroup = EB352BE621AED00C005DE079;
			productRefGroup = EB352BF021AED00C005DE079 /* Products */;
			projectDirPath = "";
			projectRoot = "";
			targets = (
				EB352BEE21AED00C005DE079 /* IPPacketMirror */,
			);
		};
/* End PBXProject section */

/* Begin PBXSourcesBuildPhase section */
		EB352BEB21AED00C005DE079 /* Sources */ = {
			isa = PBXSourcesBuildPhase;
			buildActionMask = 2147483647;
			files = (
				EB352C0121B02E06005DE079 /* Sender.cpp in Sources */,
				EB352BF321AED00C005DE079 /* main.cpp in Sources */,
				EB352BFB21AED0A1005DE079 /* Config.cpp in Sources */,
				EB352BFE21B01156005DE079 /* IPPMException.cpp in Sources */,
			);
			runOnlyForDeploymentPostprocessing = 0;
		};
/* End PBXSourcesBuildPhase section */

/* Begin XCBuildConfiguration section */
		EB352BF421AED00C005DE079 /* Debug */ = {
			isa = XCBuildConfiguration;
			buildSettings = {
				ALWAYS_SEARCH_USER_PATHS = NO;
				CLANG_ANALYZER_NONNULL = YES;
				CLANG_ANALYZER_NUMBER_OBJECT_CONVERSION = YES_AGGRESSIVE;
				CLANG_CXX_LANGUAGE_STANDARD = "gnu++14";
				CLANG_CXX_LIBRARY = "libc++";
				CLANG_ENABLE_MODULES = YES;
				CLANG_ENABLE_OBJC_ARC = YES;
				CLANG_ENABLE_OBJC_WEAK = YES;
				CLANG_WARN_BLOCK_CAPTURE_AUTORELEASING = YES;
				CLANG_WARN_BOOL_CONVERSION = YES;
				CLANG_WARN_COMMA = YES;
				CLANG_WARN_CONSTANT_CONVERSION = YES;
				CLANG_WARN_DEPRECATED_OBJC_IMPLEMENTATIONS = YES;
				CLANG_WARN_DIRECT_OBJC_ISA_USAGE = YES_ERROR;
				CLANG_WARN_DOCUMENTATION_COMMENTS = YES;
				CLANG_WARN_EMPTY_BODY = YES;
				CLANG_WARN_ENUM_CONVERSION = YES;
				CLANG_WARN_INFINITE_RECURSION = YES;
				CLANG_WARN_INT_CONVERSION = YES;
				CLANG_WARN_NON_LITERAL_NULL_CONVERSION = YES;
				CLANG_WARN_OBJC_IMPLICIT_RETAIN_SELF = YES;
				CLANG_WARN_OBJC_LITERAL_CONVERSION = YES;
				CLANG_WARN_OBJC_ROOT_CLASS = YES_ERROR;
				CLANG_WARN_RANGE_LOOP_ANALYSIS = YES;
				CLANG_WARN_STRICT_PROTOTYPES = YES;
				CLANG_WARN_SUSPICIOUS_MOVE = YES;
				CLANG_WARN_UNGUARDED_AVAILABILITY = YES_AGGRESSIVE;
				CLANG_WARN_UNREACHABLE_CODE = YES;
				CLANG_WARN__DUPLICATE_METHOD_MATCH = YES;
				CODE_SIGN_IDENTITY = "-";
				COPY_PHASE_STRIP = NO;
				DEBUG_INFORMATION_FORMAT = dwarf;
				ENABLE_STRICT_OBJC_MSGSEND = YES;
				ENABLE_TESTABILITY = YES;
				GCC_C_LANGUAGE_STANDARD = gnu11;
				GCC_DYNAMIC_NO_PIC = NO;
				GCC_NO_COMMON_BLOCKS = YES;
				GCC_OPTIMIZATION_LEVEL = 0;
				GCC_PREPROCESSOR_DEFINITIONS = (
					"DEBUG=1",
					"$(inherited)",
				);
				GCC_WARN_64_TO_32_BIT_CONVERSION = YES;
				GCC_WARN_ABOUT_RETURN_TYPE = YES_ERROR;
				GCC_WARN_UNDECLARED_SELECTOR = YES;
				GCC_WARN_UNINITIALIZED_AUTOS = YES_AGGRESSIVE;
				GCC_WARN_UNUSED_FUNCTION = YES;
				GCC_WARN_UNUSED_VARIABLE = YES;
				MACOSX_DEPLOYMENT_TARGET = 10.14;
				MTL_ENABLE_DEBUG_INFO = INCLUDE_SOURCE;
				MTL_FAST_MATH = YES;
				ONLY_ACTIVE_ARCH = YES;
				SDKROOT = macosx;
			};
			name = Debug;
		};
		EB352BF521AED00C005DE079 /* Release */ = {
			isa = XCBuildConfiguration;
			buildSettings = {
				ALWAYS_SEARCH_USER_PATHS = NO;
				CLANG_ANALYZER_NONNULL = YES;
				CLANG_ANALYZER_NUMBER_OBJECT_CONVERSION = YES_AGGRESSIVE;
				CLANG_CXX_LANGUAGE_STANDARD = "gnu++14";
				CLANG_CXX_LIBRARY = "libc++";
				CLANG_ENABLE_MODULES = YES;
				CLANG_ENABLE_OBJC_ARC = YES;
				CLANG_ENABLE_OBJC_WEAK = YES;
				CLANG_WARN_BLOCK_CAPTURE_AUTORELEASING = YES;
				CLANG_WARN_BOOL_CONVERSION = YES;
				CLANG_WARN_COMMA = YES;
				CLANG_WARN_CONSTANT_CONVERSION = YES;
				CLANG_WARN_DEPRECATED_OBJC_IMPLEMENTATIONS = YES;
				CLANG_WARN_DIRECT_OBJC_ISA_USAGE = YES_ERROR;
				CLANG_WARN_DOCUMENTATION_COMMENTS = YES;
				CLANG_WARN_EMPTY_BODY = YES;
				CLANG_WARN_ENUM_CONVERSION = YES;
				CLANG_WARN_INFINITE_RECURSION = YES;
				CLANG_WARN_INT_CONVERSION = YES;
				CLANG_WARN_NON_LITERAL_NULL_CONVERSION = YES;
				CLANG_WARN_OBJC_IMPLICIT_RETAIN_SELF = YES;
				CLANG_WARN_OBJC_LITERAL_CONVERSION = YES;
				CLANG_WARN_OBJC_ROOT_CLASS = YES_ERROR;
				CLANG_WARN_RANGE_LOOP_ANALYSIS = YES;
				CLANG_WARN_STRICT_PROTOTYPES = YES;
				CLANG_WARN_SUSPICIOUS_MOVE = YES;
				CLANG_WARN_UNGUARDED_AVAILABILITY = YES_AGGRESSIVE;
				CLANG_WARN_UNREACHABLE_CODE = YES;
				CLANG_WARN__DUPLICATE_METHOD_MATCH = YES;
				CODE_SIGN_IDENTITY = "-";
				COPY_PHASE_STRIP = NO;
				DEBUG_INFORMATION_FORMAT = "dwarf-with-dsym";
				ENABLE_NS_ASSERTIONS = NO;
				ENABLE_STRICT_OBJC_MSGSEND = YES;
				GCC_C_LANGUAGE_STANDARD = gnu11;
				GCC_NO_COMMON_BLOCKS = YES;
				GCC_WARN_64_TO_32_BIT_CONVERSION = YES;
				GCC_WARN_ABOUT_RETURN_TYPE = YES_ERROR;
				GCC_WARN_UNDECLARED_SELECTOR = YES;
				GCC_WARN_UNINITIALIZED_AUTOS = YES_AGGRESSIVE;
				GCC_WARN_UNUSED_FUNCTION = YES;
				GCC_WARN_UNUSED_VARIABLE = YES;
				MACOSX_DEPLOYMENT_TARGET = 10.14;
				MTL_ENABLE_DEBUG_INFO = NO;
				MTL_FAST_MATH = YES;
				SDKROOT = macosx;
			};
			name = Release;
		};
		EB352BF721AED00C005DE079 /* Debug */ = {
			isa = XCBuildConfiguration;
			buildSettings = {
				CODE_SIGN_STYLE = Automatic;
				PRODUCT_NAME = "$(TARGET_NAME)";
			};
			name = Debug;
		};
		EB352BF821AED00C005DE079 /* Release */ = {
			isa = XCBuildConfiguration;
			buildSettings = {
				CODE_SIGN_STYLE = Automatic;
				PRODUCT_NAME = "$(TARGET_NAME)";
			};
			name = Release;
		};
/* End XCBuildConfiguration section */

/* Begin XCConfigurationList section */
		EB352BEA21AED00C005DE079 /* Build configuration list for PBXProject "IPPacketMirror" */ = {
			isa = XCConfigurationList;
			buildConfigurations = (
				EB352BF421AED00C005DE079 /* Debug */,
				EB352BF521AED00C005DE079 /* Release */,
			);
			defaultConfigurationIsVisible = 0;
			defaultConfigurationName = Release;
		};
		EB352BF621AED00C005DE079 /* Build configuration list for PBXNativeTarget "IPPacketMirror" */ = {
			isa = XCConfigurationList;
			buildConfigurations = (
				EB352BF721AED00C005DE079 /* Debug */,
				EB352BF821AED00C005DE079 /* Release */,
			);
			defaultConfigurationIsVisible = 0;
			defaultConfigurationName = Release;
		};
/* End XCConfigurationList section */
	};
	rootObject = EB352BE721AED00C005DE079 /* Project object */;
}
